
Microsoft Visual Studio Solution File, Format Version 12.00
# Visual Studio Version 16
VisualStudioVersion = 16.0.31829.152
MinimumVisualStudioVersion = 10.0.40219.1
Project("{FAE04EC0-301F-11D3-BF4B-00C04F79EFBC}") = "Payroll_Management_System", "Payroll_Management_System.csproj", "{D03B57DB-B37B-420F-97D2-5DF2FD3E2320}"
EndProject
Global
	GlobalSection(SolutionConfigurationPlatforms) = preSolution
		Debug|Any CPU = Debug|Any CPU
		Release|Any CPU = Release|Any CPU
	EndGlobalSection
	GlobalSection(ProjectConfigurationPlatforms) = postSolution
		{D03B57DB-B37B-420F-97D2-5DF2FD3E2320}.Debug|Any CPU.ActiveCfg = Debug|Any CPU
		{D03B57DB-B37B-420F-97D2-5DF2FD3E2320}.Debug|Any CPU.Build.0 = Debug|Any CPU
		{D03B57DB-B37B-420F-97D2-5DF2FD3E2320}.Release|Any CPU.ActiveCfg = Release|Any CPU
		{D03B57DB-B37B-420F-97D2-5DF2FD3E2320}.Release|Any CPU.Build.0 = Release|Any CPU
	EndGlobalSection
	GlobalSection(SolutionProperties) = preSolution
		HideSolutionNode = FALSE
	EndGlobalSection
	GlobalSection(ExtensibilityGlobals) = postSolution
		SolutionGuid = {0123410A-C570-446B-91D5-8ACFD59F8698}
	EndGlobalSection
EndGlobal
